
Microsoft Visual Studio Solution File, Format Version 12.00
# Visual Studio 15
VisualStudioVersion = 15.0.26430.6
MinimumVisualStudioVersion = 10.0.40219.1
Project("{FAE04EC0-301F-11D3-BF4B-00C04F79EFBC}") = "TestDrive.Android", "TestDrive\TestDrive.Android\TestDrive.Android.csproj", "{02A21CA6-11AE-4AB0-B8DF-107D488321C9}"
EndProject
Project("{FAE04EC0-301F-11D3-BF4B-00C04F79EFBC}") = "TestDrive", "TestDrive\TestDrive\TestDrive.csproj", "{3560E6DB-E323-415D-B7D6-3020F320145B}"
EndProject
Project("{FAE04EC0-301F-11D3-BF4B-00C04F79EFBC}") = "TestDrive.UWP", "TestDrive\TestDrive.UWP\TestDrive.UWP.csproj", "{89760A07-21CE-45B8-9174-053CB22DD089}"
EndProject
Project("{FAE04EC0-301F-11D3-BF4B-00C04F79EFBC}") = "TestDrive.iOS", "TestDrive\TestDrive.iOS\TestDrive.iOS.csproj", "{85FBAC6B-4589-4EDB-8C50-764977BD03E5}"
EndProject
Global
	GlobalSection(SolutionConfigurationPlatforms) = preSolution
		Ad-Hoc|Any CPU = Ad-Hoc|Any CPU
		Ad-Hoc|ARM = Ad-Hoc|ARM
		Ad-Hoc|iPhone = Ad-Hoc|iPhone
		Ad-Hoc|iPhoneSimulator = Ad-Hoc|iPhoneSimulator
		Ad-Hoc|x64 = Ad-Hoc|x64
		Ad-Hoc|x86 = Ad-Hoc|x86
		AppStore|Any CPU = AppStore|Any CPU
		AppStore|ARM = AppStore|ARM
		AppStore|iPhone = AppStore|iPhone
		AppStore|iPhoneSimulator = AppStore|iPhoneSimulator
		AppStore|x64 = AppStore|x64
		AppStore|x86 = AppStore|x86
		Debug|Any CPU = Debug|Any CPU
		Debug|ARM = Debug|ARM
		Debug|iPhone = Debug|iPhone
		Debug|iPhoneSimulator = Debug|iPhoneSimulator
		Debug|x64 = Debug|x64
		Debug|x86 = Debug|x86
		Release|Any CPU = Release|Any CPU
		Release|ARM = Release|ARM
		Release|iPhone = Release|iPhone
		Release|iPhoneSimulator = Release|iPhoneSimulator
		Release|x64 = Release|x64
		Release|x86 = Release|x86
	EndGlobalSection
	GlobalSection(ProjectConfigurationPlatforms) = postSolution
		{02A21CA6-11AE-4AB0-B8DF-107D488321C9}.Ad-Hoc|Any CPU.ActiveCfg = Release|Any CPU
		{02A21CA6-11AE-4AB0-B8DF-107D488321C9}.Ad-Hoc|Any CPU.Build.0 = Release|Any CPU
		{02A21CA6-11AE-4AB0-B8DF-107D488321C9}.Ad-Hoc|Any CPU.Deploy.0 = Release|Any CPU
		{02A21CA6-11AE-4AB0-B8DF-107D488321C9}.Ad-Hoc|ARM.ActiveCfg = Release|Any CPU
		{02A21CA6-11AE-4AB0-B8DF-107D488321C9}.Ad-Hoc|ARM.Build.0 = Release|Any CPU
		{02A21CA6-11AE-4AB0-B8DF-107D488321C9}.Ad-Hoc|ARM.Deploy.0 = Release|Any CPU
		{02A21CA6-11AE-4AB0-B8DF-107D488321C9}.Ad-Hoc|iPhone.ActiveCfg = Release|Any CPU
		{02A21CA6-11AE-4AB0-B8DF-107D488321C9}.Ad-Hoc|iPhone.Build.0 = Release|Any CPU
		{02A21CA6-11AE-4AB0-B8DF-107D488321C9}.Ad-Hoc|iPhone.Deploy.0 = Release|Any CPU
		{02A21CA6-11AE-4AB0-B8DF-107D488321C9}.Ad-Hoc|iPhoneSimulator.ActiveCfg = Release|Any CPU
		{02A21CA6-11AE-4AB0-B8DF-107D488321C9}.Ad-Hoc|iPhoneSimulator.Build.0 = Release|Any CPU
		{02A21CA6-11AE-4AB0-B8DF-107D488321C9}.Ad-Hoc|iPhoneSimulator.Deploy.0 = Release|Any CPU
		{02A21CA6-11AE-4AB0-B8DF-107D488321C9}.Ad-Hoc|x64.ActiveCfg = Release|Any CPU
		{02A21CA6-11AE-4AB0-B8DF-107D488321C9}.Ad-Hoc|x64.Build.0 = Release|Any CPU
		{02A21CA6-11AE-4AB0-B8DF-107D488321C9}.Ad-Hoc|x64.Deploy.0 = Release|Any CPU
		{02A21CA6-11AE-4AB0-B8DF-107D488321C9}.Ad-Hoc|x86.ActiveCfg = Release|Any CPU
		{02A21CA6-11AE-4AB0-B8DF-107D488321C9}.Ad-Hoc|x86.Build.0 = Release|Any CPU
		{02A21CA6-11AE-4AB0-B8DF-107D488321C9}.Ad-Hoc|x86.Deploy.0 = Release|Any CPU
		{02A21CA6-11AE-4AB0-B8DF-107D488321C9}.AppStore|Any CPU.ActiveCfg = Release|Any CPU
		{02A21CA6-11AE-4AB0-B8DF-107D488321C9}.AppStore|Any CPU.Build.0 = Release|Any CPU
		{02A21CA6-11AE-4AB0-B8DF-107D488321C9}.AppStore|Any CPU.Deploy.0 = Release|Any CPU
		{02A21CA6-11AE-4AB0-B8DF-107D488321C9}.AppStore|ARM.ActiveCfg = Release|Any CPU
		{02A21CA6-11AE-4AB0-B8DF-107D488321C9}.AppStore|ARM.Build.0 = Release|Any CPU
		{02A21CA6-11AE-4AB0-B8DF-107D488321C9}.AppStore|ARM.Deploy.0 = Release|Any CPU
		{02A21CA6-11AE-4AB0-B8DF-107D488321C9}.AppStore|iPhone.ActiveCfg = Release|Any CPU
		{02A21CA6-11AE-4AB0-B8DF-107D488321C9}.AppStore|iPhone.Build.0 = Release|Any CPU
		{02A21CA6-11AE-4AB0-B8DF-107D488321C9}.AppStore|iPhone.Deploy.0 = Release|Any CPU
		{02A21CA6-11AE-4AB0-B8DF-107D488321C9}.AppStore|iPhoneSimulator.ActiveCfg = Release|Any CPU
		{02A21CA6-11AE-4AB0-B8DF-107D488321C9}.AppStore|iPhoneSimulator.Build.0 = Release|Any CPU
		{02A21CA6-11AE-4AB0-B8DF-107D488321C9}.AppStore|iPhoneSimulator.Deploy.0 = Release|Any CPU
		{02A21CA6-11AE-4AB0-B8DF-107D488321C9}.AppStore|x64.ActiveCfg = Release|Any CPU
		{02A21CA6-11AE-4AB0-B8DF-107D488321C9}.AppStore|x64.Build.0 = Release|Any CPU
		{02A21CA6-11AE-4AB0-B8DF-107D488321C9}.AppStore|x64.Deploy.0 = Release|Any CPU
		{02A21CA6-11AE-4AB0-B8DF-107D488321C9}.AppStore|x86.ActiveCfg = Release|Any CPU
		{02A21CA6-11AE-4AB0-B8DF-107D488321C9}.AppStore|x86.Build.0 = Release|Any CPU
		{02A21CA6-11AE-4AB0-B8DF-107D488321C9}.AppStore|x86.Deploy.0 = Release|Any CPU
		{02A21CA6-11AE-4AB0-B8DF-107D488321C9}.Debug|Any CPU.ActiveCfg = Debug|Any CPU
		{02A21CA6-11AE-4AB0-B8DF-107D488321C9}.Debug|Any CPU.Build.0 = Debug|Any CPU
		{02A21CA6-11AE-4AB0-B8DF-107D488321C9}.Debug|Any CPU.Deploy.0 = Debug|Any CPU
		{02A21CA6-11AE-4AB0-B8DF-107D488321C9}.Debug|ARM.ActiveCfg = Debug|Any CPU
		{02A21CA6-11AE-4AB0-B8DF-107D488321C9}.Debug|ARM.Build.0 = Debug|Any CPU
		{02A21CA6-11AE-4AB0-B8DF-107D488321C9}.Debug|ARM.Deploy.0 = Debug|Any CPU
		{02A21CA6-11AE-4AB0-B8DF-107D488321C9}.Debug|iPhone.ActiveCfg = Debug|Any CPU
		{02A21CA6-11AE-4AB0-B8DF-107D488321C9}.Debug|iPhone.Build.0 = Debug|Any CPU
		{02A21CA6-11AE-4AB0-B8DF-107D488321C9}.Debug|iPhone.Deploy.0 = Debug|Any CPU
		{02A21CA6-11AE-4AB0-B8DF-107D488321C9}.Debug|iPhoneSimulator.ActiveCfg = Debug|Any CPU
		{02A21CA6-11AE-4AB0-B8DF-107D488321C9}.Debug|iPhoneSimulator.Build.0 = Debug|Any CPU
		{02A21CA6-11AE-4AB0-B8DF-107D488321C9}.Debug|iPhoneSimulator.Deploy.0 = Debug|Any CPU
		{02A21CA6-11AE-4AB0-B8DF-107D488321C9}.Debug|x64.ActiveCfg = Debug|Any CPU
		{02A21CA6-11AE-4AB0-B8DF-107D488321C9}.Debug|x64.Build.0 = Debug|Any CPU
		{02A21CA6-11AE-4AB0-B8DF-107D488321C9}.Debug|x64.Deploy.0 = Debug|Any CPU
		{02A21CA6-11AE-4AB0-B8DF-107D488321C9}.Debug|x86.ActiveCfg = Debug|Any CPU
		{02A21CA6-11AE-4AB0-B8DF-107D488321C9}.Debug|x86.Build.0 = Debug|Any CPU
		{02A21CA6-11AE-4AB0-B8DF-107D488321C9}.Debug|x86.Deploy.0 = Debug|Any CPU
		{02A21CA6-11AE-4AB0-B8DF-107D488321C9}.Release|Any CPU.ActiveCfg = Release|Any CPU
		{02A21CA6-11AE-4AB0-B8DF-107D488321C9}.Release|Any CPU.Build.0 = Release|Any CPU
		{02A21CA6-11AE-4AB0-B8DF-107D488321C9}.Release|Any CPU.Deploy.0 = Release|Any CPU
		{02A21CA6-11AE-4AB0-B8DF-107D488321C9}.Release|ARM.ActiveCfg = Release|Any CPU
		{02A21CA6-11AE-4AB0-B8DF-107D488321C9}.Release|ARM.Build.0 = Release|Any CPU
		{02A21CA6-11AE-4AB0-B8DF-107D488321C9}.Release|ARM.Deploy.0 = Release|Any CPU
		{02A21CA6-11AE-4AB0-B8DF-107D488321C9}.Release|iPhone.ActiveCfg = Release|Any CPU
		{02A21CA6-11AE-4AB0-B8DF-107D488321C9}.Release|iPhone.Build.0 = Release|Any CPU
		{02A21CA6-11AE-4AB0-B8DF-107D488321C9}.Release|iPhone.Deploy.0 = Release|Any CPU
		{02A21CA6-11AE-4AB0-B8DF-107D488321C9}.Release|iPhoneSimulator.ActiveCfg = Release|Any CPU
		{02A21CA6-11AE-4AB0-B8DF-107D488321C9}.Release|iPhoneSimulator.Build.0 = Release|Any CPU
		{02A21CA6-11AE-4AB0-B8DF-107D488321C9}.Release|iPhoneSimulator.Deploy.0 = Release|Any CPU
		{02A21CA6-11AE-4AB0-B8DF-107D488321C9}.Release|x64.ActiveCfg = Release|Any CPU
		{02A21CA6-11AE-4AB0-B8DF-107D488321C9}.Release|x64.Build.0 = Release|Any CPU
		{02A21CA6-11AE-4AB0-B8DF-107D488321C9}.Release|x64.Deploy.0 = Release|Any CPU
		{02A21CA6-11AE-4AB0-B8DF-107D488321C9}.Release|x86.ActiveCfg = Release|Any CPU
		{02A21CA6-11AE-4AB0-B8DF-107D488321C9}.Release|x86.Build.0 = Release|Any CPU
		{02A21CA6-11AE-4AB0-B8DF-107D488321C9}.Release|x86.Deploy.0 = Release|Any CPU
		{3560E6DB-E323-415D-B7D6-3020F320145B}.Ad-Hoc|Any CPU.ActiveCfg = Release|Any CPU
		{3560E6DB-E323-415D-B7D6-3020F320145B}.Ad-Hoc|Any CPU.Build.0 = Release|Any CPU
		{3560E6DB-E323-415D-B7D6-3020F320145B}.Ad-Hoc|ARM.ActiveCfg = Release|Any CPU
		{3560E6DB-E323-415D-B7D6-3020F320145B}.Ad-Hoc|ARM.Build.0 = Release|Any CPU
		{3560E6DB-E323-415D-B7D6-3020F320145B}.Ad-Hoc|iPhone.ActiveCfg = Release|Any CPU
		{3560E6DB-E323-415D-B7D6-3020F320145B}.Ad-Hoc|iPhone.Build.0 = Release|Any CPU
		{3560E6DB-E323-415D-B7D6-3020F320145B}.Ad-Hoc|iPhoneSimulator.ActiveCfg = Release|Any CPU
		{3560E6DB-E323-415D-B7D6-3020F320145B}.Ad-Hoc|iPhoneSimulator.Build.0 = Release|Any CPU
		{3560E6DB-E323-415D-B7D6-3020F320145B}.Ad-Hoc|x64.ActiveCfg = Release|Any CPU
		{3560E6DB-E323-415D-B7D6-3020F320145B}.Ad-Hoc|x64.Build.0 = Release|Any CPU
		{3560E6DB-E323-415D-B7D6-3020F320145B}.Ad-Hoc|x86.ActiveCfg = Release|Any CPU
		{3560E6DB-E323-415D-B7D6-3020F320145B}.Ad-Hoc|x86.Build.0 = Release|Any CPU
		{3560E6DB-E323-415D-B7D6-3020F320145B}.AppStore|Any CPU.ActiveCfg = Release|Any CPU
		{3560E6DB-E323-415D-B7D6-3020F320145B}.AppStore|Any CPU.Build.0 = Release|Any CPU
		{3560E6DB-E323-415D-B7D6-3020F320145B}.AppStore|ARM.ActiveCfg = Release|Any CPU
		{3560E6DB-E323-415D-B7D6-3020F320145B}.AppStore|ARM.Build.0 = Release|Any CPU
		{3560E6DB-E323-415D-B7D6-3020F320145B}.AppStore|iPhone.ActiveCfg = Release|Any CPU
		{3560E6DB-E323-415D-B7D6-3020F320145B}.AppStore|iPhone.Build.0 = Release|Any CPU
		{3560E6DB-E323-415D-B7D6-3020F320145B}.AppStore|iPhoneSimulator.ActiveCfg = Release|Any CPU
		{3560E6DB-E323-415D-B7D6-3020F320145B}.AppStore|iPhoneSimulator.Build.0 = Release|Any CPU
		{3560E6DB-E323-415D-B7D6-3020F320145B}.AppStore|x64.ActiveCfg = Release|Any CPU
		{3560E6DB-E323-415D-B7D6-3020F320145B}.AppStore|x64.Build.0 = Release|Any CPU
		{3560E6DB-E323-415D-B7D6-3020F320145B}.AppStore|x86.ActiveCfg = Release|Any CPU
		{3560E6DB-E323-415D-B7D6-3020F320145B}.AppStore|x86.Build.0 = Release|Any CPU
		{3560E6DB-E323-415D-B7D6-3020F320145B}.Debug|Any CPU.ActiveCfg = Debug|Any CPU
		{3560E6DB-E323-415D-B7D6-3020F320145B}.Debug|Any CPU.Build.0 = Debug|Any CPU
		{3560E6DB-E323-415D-B7D6-3020F320145B}.Debug|ARM.ActiveCfg = Debug|Any CPU
		{3560E6DB-E323-415D-B7D6-3020F320145B}.Debug|ARM.Build.0 = Debug|Any CPU
		{3560E6DB-E323-415D-B7D6-3020F320145B}.Debug|iPhone.ActiveCfg = Debug|Any CPU
		{3560E6DB-E323-415D-B7D6-3020F320145B}.Debug|iPhone.Build.0 = Debug|Any CPU
		{3560E6DB-E323-415D-B7D6-3020F320145B}.Debug|iPhoneSimulator.ActiveCfg = Debug|Any CPU
		{3560E6DB-E323-415D-B7D6-3020F320145B}.Debug|iPhoneSimulator.Build.0 = Debug|Any CPU
		{3560E6DB-E323-415D-B7D6-3020F320145B}.Debug|x64.ActiveCfg = Debug|Any CPU
		{3560E6DB-E323-415D-B7D6-3020F320145B}.Debug|x64.Build.0 = Debug|Any CPU
		{3560E6DB-E323-415D-B7D6-3020F320145B}.Debug|x86.ActiveCfg = Debug|Any CPU
		{3560E6DB-E323-415D-B7D6-3020F320145B}.Debug|x86.Build.0 = Debug|Any CPU
		{3560E6DB-E323-415D-B7D6-3020F320145B}.Release|Any CPU.ActiveCfg = Release|Any CPU
		{3560E6DB-E323-415D-B7D6-3020F320145B}.Release|Any CPU.Build.0 = Release|Any CPU
		{3560E6DB-E323-415D-B7D6-3020F320145B}.Release|ARM.ActiveCfg = Release|Any CPU
		{3560E6DB-E323-415D-B7D6-3020F320145B}.Release|ARM.Build.0 = Release|Any CPU
		{3560E6DB-E323-415D-B7D6-3020F320145B}.Release|iPhone.ActiveCfg = Release|Any CPU
		{3560E6DB-E323-415D-B7D6-3020F320145B}.Release|iPhone.Build.0 = Release|Any CPU
		{3560E6DB-E323-415D-B7D6-3020F320145B}.Release|iPhoneSimulator.ActiveCfg = Release|Any CPU
		{3560E6DB-E323-415D-B7D6-3020F320145B}.Release|iPhoneSimulator.Build.0 = Release|Any CPU
		{3560E6DB-E323-415D-B7D6-3020F320145B}.Release|x64.ActiveCfg = Release|Any CPU
		{3560E6DB-E323-415D-B7D6-3020F320145B}.Release|x64.Build.0 = Release|Any CPU
		{3560E6DB-E323-415D-B7D6-3020F320145B}.Release|x86.ActiveCfg = Release|Any CPU
		{3560E6DB-E323-415D-B7D6-3020F320145B}.Release|x86.Build.0 = Release|Any CPU
		{89760A07-21CE-45B8-9174-053CB22DD089}.Ad-Hoc|Any CPU.ActiveCfg = Release|x86
		{89760A07-21CE-45B8-9174-053CB22DD089}.Ad-Hoc|Any CPU.Build.0 = Release|x86
		{89760A07-21CE-45B8-9174-053CB22DD089}.Ad-Hoc|Any CPU.Deploy.0 = Release|x86
		{89760A07-21CE-45B8-9174-053CB22DD089}.Ad-Hoc|ARM.ActiveCfg = Release|ARM
		{89760A07-21CE-45B8-9174-053CB22DD089}.Ad-Hoc|ARM.Build.0 = Release|ARM
		{89760A07-21CE-45B8-9174-053CB22DD089}.Ad-Hoc|ARM.Deploy.0 = Release|ARM
		{89760A07-21CE-45B8-9174-053CB22DD089}.Ad-Hoc|iPhone.ActiveCfg = Release|x86
		{89760A07-21CE-45B8-9174-053CB22DD089}.Ad-Hoc|iPhone.Build.0 = Release|x86
		{89760A07-21CE-45B8-9174-053CB22DD089}.Ad-Hoc|iPhone.Deploy.0 = Release|x86
		{89760A07-21CE-45B8-9174-053CB22DD089}.Ad-Hoc|iPhoneSimulator.ActiveCfg = Release|x86
		{89760A07-21CE-45B8-9174-053CB22DD089}.Ad-Hoc|iPhoneSimulator.Build.0 = Release|x86
		{89760A07-21CE-45B8-9174-053CB22DD089}.Ad-Hoc|iPhoneSimulator.Deploy.0 = Release|x86
		{89760A07-21CE-45B8-9174-053CB22DD089}.Ad-Hoc|x64.ActiveCfg = Release|x64
		{89760A07-21CE-45B8-9174-053CB22DD089}.Ad-Hoc|x64.Build.0 = Release|x64
		{89760A07-21CE-45B8-9174-053CB22DD089}.Ad-Hoc|x64.Deploy.0 = Release|x64
		{89760A07-21CE-45B8-9174-053CB22DD089}.Ad-Hoc|x86.ActiveCfg = Release|x86
		{89760A07-21CE-45B8-9174-053CB22DD089}.Ad-Hoc|x86.Build.0 = Release|x86
		{89760A07-21CE-45B8-9174-053CB22DD089}.Ad-Hoc|x86.Deploy.0 = Release|x86
		{89760A07-21CE-45B8-9174-053CB22DD089}.AppStore|Any CPU.ActiveCfg = Release|x86
		{89760A07-21CE-45B8-9174-053CB22DD089}.AppStore|Any CPU.Build.0 = Release|x86
		{89760A07-21CE-45B8-9174-053CB22DD089}.AppStore|Any CPU.Deploy.0 = Release|x86
		{89760A07-21CE-45B8-9174-053CB22DD089}.AppStore|ARM.ActiveCfg = Release|ARM
		{89760A07-21CE-45B8-9174-053CB22DD089}.AppStore|ARM.Build.0 = Release|ARM
		{89760A07-21CE-45B8-9174-053CB22DD089}.AppStore|ARM.Deploy.0 = Release|ARM
		{89760A07-21CE-45B8-9174-053CB22DD089}.AppStore|iPhone.ActiveCfg = Release|x86
		{89760A07-21CE-45B8-9174-053CB22DD089}.AppStore|iPhone.Build.0 = Release|x86
		{89760A07-21CE-45B8-9174-053CB22DD089}.AppStore|iPhone.Deploy.0 = Release|x86
		{89760A07-21CE-45B8-9174-053CB22DD089}.AppStore|iPhoneSimulator.ActiveCfg = Release|x86
		{89760A07-21CE-45B8-9174-053CB22DD089}.AppStore|iPhoneSimulator.Build.0 = Release|x86
		{89760A07-21CE-45B8-9174-053CB22DD089}.AppStore|iPhoneSimulator.Deploy.0 = Release|x86
		{89760A07-21CE-45B8-9174-053CB22DD089}.AppStore|x64.ActiveCfg = Release|x64
		{89760A07-21CE-45B8-9174-053CB22DD089}.AppStore|x64.Build.0 = Release|x64
		{89760A07-21CE-45B8-9174-053CB22DD089}.AppStore|x64.Deploy.0 = Release|x64
		{89760A07-21CE-45B8-9174-053CB22DD089}.AppStore|x86.ActiveCfg = Release|x86
		{89760A07-21CE-45B8-9174-053CB22DD089}.AppStore|x86.Build.0 = Release|x86
		{89760A07-21CE-45B8-9174-053CB22DD089}.AppStore|x86.Deploy.0 = Release|x86
		{89760A07-21CE-45B8-9174-053CB22DD089}.Debug|Any CPU.ActiveCfg = Debug|x86
		{89760A07-21CE-45B8-9174-053CB22DD089}.Debug|ARM.ActiveCfg = Debug|ARM
		{89760A07-21CE-45B8-9174-053CB22DD089}.Debug|ARM.Build.0 = Debug|ARM
		{89760A07-21CE-45B8-9174-053CB22DD089}.Debug|ARM.Deploy.0 = Debug|ARM
		{89760A07-21CE-45B8-9174-053CB22DD089}.Debug|iPhone.ActiveCfg = Debug|x86
		{89760A07-21CE-45B8-9174-053CB22DD089}.Debug|iPhoneSimulator.ActiveCfg = Debug|x86
		{89760A07-21CE-45B8-9174-053CB22DD089}.Debug|x64.ActiveCfg = Debug|x64
		{89760A07-21CE-45B8-9174-053CB22DD089}.Debug|x64.Build.0 = Debug|x64
		{89760A07-21CE-45B8-9174-053CB22DD089}.Debug|x64.Deploy.0 = Debug|x64
		{89760A07-21CE-45B8-9174-053CB22DD089}.Debug|x86.ActiveCfg = Debug|x86
		{89760A07-21CE-45B8-9174-053CB22DD089}.Debug|x86.Build.0 = Debug|x86
		{89760A07-21CE-45B8-9174-053CB22DD089}.Debug|x86.Deploy.0 = Debug|x86
		{89760A07-21CE-45B8-9174-053CB22DD089}.Release|Any CPU.ActiveCfg = Release|x86
		{89760A07-21CE-45B8-9174-053CB22DD089}.Release|ARM.ActiveCfg = Release|ARM
		{89760A07-21CE-45B8-9174-053CB22DD089}.Release|ARM.Build.0 = Release|ARM
		{89760A07-21CE-45B8-9174-053CB22DD089}.Release|ARM.Deploy.0 = Release|ARM
		{89760A07-21CE-45B8-9174-053CB22DD089}.Release|iPhone.ActiveCfg = Release|x86
		{89760A07-21CE-45B8-9174-053CB22DD089}.Release|iPhoneSimulator.ActiveCfg = Release|x86
		{89760A07-21CE-45B8-9174-053CB22DD089}.Release|x64.ActiveCfg = Release|x64
		{89760A07-21CE-45B8-9174-053CB22DD089}.Release|x64.Build.0 = Release|x64
		{89760A07-21CE-45B8-9174-053CB22DD089}.Release|x64.Deploy.0 = Release|x64
		{89760A07-21CE-45B8-9174-053CB22DD089}.Release|x86.ActiveCfg = Release|x86
		{89760A07-21CE-45B8-9174-053CB22DD089}.Release|x86.Build.0 = Release|x86
		{89760A07-21CE-45B8-9174-053CB22DD089}.Release|x86.Deploy.0 = Release|x86
		{85FBAC6B-4589-4EDB-8C50-764977BD03E5}.Ad-Hoc|Any CPU.ActiveCfg = Ad-Hoc|iPhone
		{85FBAC6B-4589-4EDB-8C50-764977BD03E5}.Ad-Hoc|ARM.ActiveCfg = Ad-Hoc|iPhone
		{85FBAC6B-4589-4EDB-8C50-764977BD03E5}.Ad-Hoc|iPhone.ActiveCfg = Ad-Hoc|iPhone
		{85FBAC6B-4589-4EDB-8C50-764977BD03E5}.Ad-Hoc|iPhone.Build.0 = Ad-Hoc|iPhone
		{85FBAC6B-4589-4EDB-8C50-764977BD03E5}.Ad-Hoc|iPhoneSimulator.ActiveCfg = Ad-Hoc|iPhoneSimulator
		{85FBAC6B-4589-4EDB-8C50-764977BD03E5}.Ad-Hoc|iPhoneSimulator.Build.0 = Ad-Hoc|iPhoneSimulator
		{85FBAC6B-4589-4EDB-8C50-764977BD03E5}.Ad-Hoc|x64.ActiveCfg = Ad-Hoc|iPhone
		{85FBAC6B-4589-4EDB-8C50-764977BD03E5}.Ad-Hoc|x86.ActiveCfg = Ad-Hoc|iPhone
		{85FBAC6B-4589-4EDB-8C50-764977BD03E5}.AppStore|Any CPU.ActiveCfg = AppStore|iPhone
		{85FBAC6B-4589-4EDB-8C50-764977BD03E5}.AppStore|ARM.ActiveCfg = AppStore|iPhone
		{85FBAC6B-4589-4EDB-8C50-764977BD03E5}.AppStore|iPhone.ActiveCfg = AppStore|iPhone
		{85FBAC6B-4589-4EDB-8C50-764977BD03E5}.AppStore|iPhone.Build.0 = AppStore|iPhone
		{85FBAC6B-4589-4EDB-8C50-764977BD03E5}.AppStore|iPhoneSimulator.ActiveCfg = AppStore|iPhoneSimulator
		{85FBAC6B-4589-4EDB-8C50-764977BD03E5}.AppStore|iPhoneSimulator.Build.0 = AppStore|iPhoneSimulator
		{85FBAC6B-4589-4EDB-8C50-764977BD03E5}.AppStore|x64.ActiveCfg = AppStore|iPhone
		{85FBAC6B-4589-4EDB-8C50-764977BD03E5}.AppStore|x86.ActiveCfg = AppStore|iPhone
		{85FBAC6B-4589-4EDB-8C50-764977BD03E5}.Debug|Any CPU.ActiveCfg = Debug|iPhone
		{85FBAC6B-4589-4EDB-8C50-764977BD03E5}.Debug|ARM.ActiveCfg = Debug|iPhone
		{85FBAC6B-4589-4EDB-8C50-764977BD03E5}.Debug|iPhone.ActiveCfg = Debug|iPhone
		{85FBAC6B-4589-4EDB-8C50-764977BD03E5}.Debug|iPhone.Build.0 = Debug|iPhone
		{85FBAC6B-4589-4EDB-8C50-764977BD03E5}.Debug|iPhoneSimulator.ActiveCfg = Debug|iPhoneSimulator
		{85FBAC6B-4589-4EDB-8C50-764977BD03E5}.Debug|iPhoneSimulator.Build.0 = Debug|iPhoneSimulator
		{85FBAC6B-4589-4EDB-8C50-764977BD03E5}.Debug|x64.ActiveCfg = Debug|iPhone
		{85FBAC6B-4589-4EDB-8C50-764977BD03E5}.Debug|x86.ActiveCfg = Debug|iPhone
		{85FBAC6B-4589-4EDB-8C50-764977BD03E5}.Release|Any CPU.ActiveCfg = Release|iPhone
		{85FBAC6B-4589-4EDB-8C50-764977BD03E5}.Release|ARM.ActiveCfg = Release|iPhone
		{85FBAC6B-4589-4EDB-8C50-764977BD03E5}.Release|iPhone.ActiveCfg = Release|iPhone
		{85FBAC6B-4589-4EDB-8C50-764977BD03E5}.Release|iPhone.Build.0 = Release|iPhone
		{85FBAC6B-4589-4EDB-8C50-764977BD03E5}.Release|iPhoneSimulator.ActiveCfg = Release|iPhoneSimulator
		{85FBAC6B-4589-4EDB-8C50-764977BD03E5}.Release|iPhoneSimulator.Build.0 = Release|iPhoneSimulator
		{85FBAC6B-4589-4EDB-8C50-764977BD03E5}.Release|x64.ActiveCfg = Release|iPhone
		{85FBAC6B-4589-4EDB-8C50-764977BD03E5}.Release|x86.ActiveCfg = Release|iPhone
	EndGlobalSection
	GlobalSection(SolutionProperties) = preSolution
		HideSolutionNode = FALSE
	EndGlobalSection
EndGlobal
